
Microsoft Visual Studio Solution File, Format Version 12.00
# Visual Studio Version 17
VisualStudioVersion = 17.14.36616.10 d17.14
MinimumVisualStudioVersion = 10.0.40219.1
Project("{FAE04EC0-301F-11D3-BF4B-00C04F79EFBC}") = "CacheExpirationPolicies", "CacheExpirationPolicies.csproj", "{27745516-CEAD-39B6-63D9-19E7F621A706}"
EndProject
Global
	GlobalSection(SolutionConfigurationPlatforms) = preSolution
		Debug|Any CPU = Debug|Any CPU
		Release|Any CPU = Release|Any CPU
	EndGlobalSection
	GlobalSection(ProjectConfigurationPlatforms) = postSolution
		{27745516-CEAD-39B6-63D9-19E7F621A706}.Debug|Any CPU.ActiveCfg = Debug|Any CPU
		{27745516-CEAD-39B6-63D9-19E7F621A706}.Debug|Any CPU.Build.0 = Debug|Any CPU
		{27745516-CEAD-39B6-63D9-19E7F621A706}.Release|Any CPU.ActiveCfg = Release|Any CPU
		{27745516-CEAD-39B6-63D9-19E7F621A706}.Release|Any CPU.Build.0 = Release|Any CPU
	EndGlobalSection
	GlobalSection(SolutionProperties) = preSolution
		HideSolutionNode = FALSE
	EndGlobalSection
	GlobalSection(ExtensibilityGlobals) = postSolution
		SolutionGuid = {58FE053E-C0C7-4D0B-A8B6-9427CB80B37E}
	EndGlobalSection
EndGlobal
