Microsoft Visual Studio Solution File, Format Version 12.00
# Visual Studio Version 17
VisualStudioVersion = 17.5.2.0
MinimumVisualStudioVersion = 10.0.40219.1
Project("{FAE04EC0-301F-11D3-BF4B-00C04F79EFBC}") = "LibraryManagementThree", "LibraryManagementThree.csproj", "{13FB6E42-5B80-748C-E282-3FB7D9D0A93A}"
EndProject
Global
	GlobalSection(SolutionConfigurationPlatforms) = preSolution
		Debug|Any CPU = Debug|Any CPU
		Release|Any CPU = Release|Any CPU
	EndGlobalSection
	GlobalSection(ProjectConfigurationPlatforms) = postSolution
		{13FB6E42-5B80-748C-E282-3FB7D9D0A93A}.Debug|Any CPU.ActiveCfg = Debug|Any CPU
		{13FB6E42-5B80-748C-E282-3FB7D9D0A93A}.Debug|Any CPU.Build.0 = Debug|Any CPU
		{13FB6E42-5B80-748C-E282-3FB7D9D0A93A}.Release|Any CPU.ActiveCfg = Release|Any CPU
		{13FB6E42-5B80-748C-E282-3FB7D9D0A93A}.Release|Any CPU.Build.0 = Release|Any CPU
	EndGlobalSection
	GlobalSection(SolutionProperties) = preSolution
		HideSolutionNode = FALSE
	EndGlobalSection
	GlobalSection(ExtensibilityGlobals) = postSolution
		SolutionGuid = {462CA6C6-827E-43E0-9E95-793D406448F4}
	EndGlobalSection
EndGlobal
