Microsoft Visual Studio Solution File, Format Version 12.00
# Visual Studio Version 17
VisualStudioVersion = 17.5.2.0
MinimumVisualStudioVersion = 10.0.40219.1
Project("{FAE04EC0-301F-11D3-BF4B-00C04F79EFBC}") = "OAuthClient", "OAuthClient.csproj", "{EFF7C71A-0C97-64B4-422D-3A458770899D}"
EndProject
Global
	GlobalSection(SolutionConfigurationPlatforms) = preSolution
		Debug|Any CPU = Debug|Any CPU
		Release|Any CPU = Release|Any CPU
	EndGlobalSection
	GlobalSection(ProjectConfigurationPlatforms) = postSolution
		{EFF7C71A-0C97-64B4-422D-3A458770899D}.Debug|Any CPU.ActiveCfg = Debug|Any CPU
		{EFF7C71A-0C97-64B4-422D-3A458770899D}.Debug|Any CPU.Build.0 = Debug|Any CPU
		{EFF7C71A-0C97-64B4-422D-3A458770899D}.Release|Any CPU.ActiveCfg = Release|Any CPU
		{EFF7C71A-0C97-64B4-422D-3A458770899D}.Release|Any CPU.Build.0 = Release|Any CPU
	EndGlobalSection
	GlobalSection(SolutionProperties) = preSolution
		HideSolutionNode = FALSE
	EndGlobalSection
	GlobalSection(ExtensibilityGlobals) = postSolution
		SolutionGuid = {BD6BC949-1A45-48B3-9983-934F3A87970F}
	EndGlobalSection
EndGlobal
