
Microsoft Visual Studio Solution File, Format Version 12.00
# Visual Studio Version 17
VisualStudioVersion = 17.0.31903.59
MinimumVisualStudioVersion = 10.0.40219.1
Project("{FAE04EC0-301F-11D3-BF4B-00C04F79EFBC}") = "ServerApp", "ServerApp\ServerApp.csproj", "{771358EE-6656-4870-A686-5341A46C84E8}"
EndProject
Project("{FAE04EC0-301F-11D3-BF4B-00C04F79EFBC}") = "ClientApp", "ClientApp\ClientApp.csproj", "{ED9B4678-35F0-4E17-AC34-EF7AFF0C1576}"
EndProject
Project("{FAE04EC0-301F-11D3-BF4B-00C04F79EFBC}") = "Shared", "Shared\Shared.csproj", "{5BF389A2-ED14-43FA-8FC4-30037808753D}"
EndProject
Global
	GlobalSection(SolutionConfigurationPlatforms) = preSolution
		Debug|Any CPU = Debug|Any CPU
		Debug|x64 = Debug|x64
		Debug|x86 = Debug|x86
		Release|Any CPU = Release|Any CPU
		Release|x64 = Release|x64
		Release|x86 = Release|x86
	EndGlobalSection
	GlobalSection(ProjectConfigurationPlatforms) = postSolution
		{771358EE-6656-4870-A686-5341A46C84E8}.Debug|Any CPU.ActiveCfg = Debug|Any CPU
		{771358EE-6656-4870-A686-5341A46C84E8}.Debug|Any CPU.Build.0 = Debug|Any CPU
		{771358EE-6656-4870-A686-5341A46C84E8}.Debug|x64.ActiveCfg = Debug|Any CPU
		{771358EE-6656-4870-A686-5341A46C84E8}.Debug|x64.Build.0 = Debug|Any CPU
		{771358EE-6656-4870-A686-5341A46C84E8}.Debug|x86.ActiveCfg = Debug|Any CPU
		{771358EE-6656-4870-A686-5341A46C84E8}.Debug|x86.Build.0 = Debug|Any CPU
		{771358EE-6656-4870-A686-5341A46C84E8}.Release|Any CPU.ActiveCfg = Release|Any CPU
		{771358EE-6656-4870-A686-5341A46C84E8}.Release|Any CPU.Build.0 = Release|Any CPU
		{771358EE-6656-4870-A686-5341A46C84E8}.Release|x64.ActiveCfg = Release|Any CPU
		{771358EE-6656-4870-A686-5341A46C84E8}.Release|x64.Build.0 = Release|Any CPU
		{771358EE-6656-4870-A686-5341A46C84E8}.Release|x86.ActiveCfg = Release|Any CPU
		{771358EE-6656-4870-A686-5341A46C84E8}.Release|x86.Build.0 = Release|Any CPU
		{ED9B4678-35F0-4E17-AC34-EF7AFF0C1576}.Debug|Any CPU.ActiveCfg = Debug|Any CPU
		{ED9B4678-35F0-4E17-AC34-EF7AFF0C1576}.Debug|Any CPU.Build.0 = Debug|Any CPU
		{ED9B4678-35F0-4E17-AC34-EF7AFF0C1576}.Debug|x64.ActiveCfg = Debug|Any CPU
		{ED9B4678-35F0-4E17-AC34-EF7AFF0C1576}.Debug|x64.Build.0 = Debug|Any CPU
		{ED9B4678-35F0-4E17-AC34-EF7AFF0C1576}.Debug|x86.ActiveCfg = Debug|Any CPU
		{ED9B4678-35F0-4E17-AC34-EF7AFF0C1576}.Debug|x86.Build.0 = Debug|Any CPU
		{ED9B4678-35F0-4E17-AC34-EF7AFF0C1576}.Release|Any CPU.ActiveCfg = Release|Any CPU
		{ED9B4678-35F0-4E17-AC34-EF7AFF0C1576}.Release|Any CPU.Build.0 = Release|Any CPU
		{ED9B4678-35F0-4E17-AC34-EF7AFF0C1576}.Release|x64.ActiveCfg = Release|Any CPU
		{ED9B4678-35F0-4E17-AC34-EF7AFF0C1576}.Release|x64.Build.0 = Release|Any CPU
		{ED9B4678-35F0-4E17-AC34-EF7AFF0C1576}.Release|x86.ActiveCfg = Release|Any CPU
		{ED9B4678-35F0-4E17-AC34-EF7AFF0C1576}.Release|x86.Build.0 = Release|Any CPU
		{5BF389A2-ED14-43FA-8FC4-30037808753D}.Debug|Any CPU.ActiveCfg = Debug|Any CPU
		{5BF389A2-ED14-43FA-8FC4-30037808753D}.Debug|Any CPU.Build.0 = Debug|Any CPU
		{5BF389A2-ED14-43FA-8FC4-30037808753D}.Debug|x64.ActiveCfg = Debug|Any CPU
		{5BF389A2-ED14-43FA-8FC4-30037808753D}.Debug|x64.Build.0 = Debug|Any CPU
		{5BF389A2-ED14-43FA-8FC4-30037808753D}.Debug|x86.ActiveCfg = Debug|Any CPU
		{5BF389A2-ED14-43FA-8FC4-30037808753D}.Debug|x86.Build.0 = Debug|Any CPU
		{5BF389A2-ED14-43FA-8FC4-30037808753D}.Release|Any CPU.ActiveCfg = Release|Any CPU
		{5BF389A2-ED14-43FA-8FC4-30037808753D}.Release|Any CPU.Build.0 = Release|Any CPU
		{5BF389A2-ED14-43FA-8FC4-30037808753D}.Release|x64.ActiveCfg = Release|Any CPU
		{5BF389A2-ED14-43FA-8FC4-30037808753D}.Release|x64.Build.0 = Release|Any CPU
		{5BF389A2-ED14-43FA-8FC4-30037808753D}.Release|x86.ActiveCfg = Release|Any CPU
		{5BF389A2-ED14-43FA-8FC4-30037808753D}.Release|x86.Build.0 = Release|Any CPU
	EndGlobalSection
	GlobalSection(SolutionProperties) = preSolution
		HideSolutionNode = FALSE
	EndGlobalSection
EndGlobal
