
Microsoft Visual Studio Solution File, Format Version 12.00
# Visual Studio Version 17
VisualStudioVersion = 17.13.35919.96 d17.13
MinimumVisualStudioVersion = 10.0.40219.1
Project("{FAE04EC0-301F-11D3-BF4B-00C04F79EFBC}") = "ServerAuthentication", "ServerAuthentication\ServerAuthentication.csproj", "{A5CC3CDA-CC0B-43B4-8D72-4E147D39F957}"
EndProject
Global
	GlobalSection(SolutionConfigurationPlatforms) = preSolution
		Debug|Any CPU = Debug|Any CPU
		Release|Any CPU = Release|Any CPU
	EndGlobalSection
	GlobalSection(ProjectConfigurationPlatforms) = postSolution
		{A5CC3CDA-CC0B-43B4-8D72-4E147D39F957}.Debug|Any CPU.ActiveCfg = Debug|Any CPU
		{A5CC3CDA-CC0B-43B4-8D72-4E147D39F957}.Debug|Any CPU.Build.0 = Debug|Any CPU
		{A5CC3CDA-CC0B-43B4-8D72-4E147D39F957}.Release|Any CPU.ActiveCfg = Release|Any CPU
		{A5CC3CDA-CC0B-43B4-8D72-4E147D39F957}.Release|Any CPU.Build.0 = Release|Any CPU
	EndGlobalSection
	GlobalSection(SolutionProperties) = preSolution
		HideSolutionNode = FALSE
	EndGlobalSection
	GlobalSection(ExtensibilityGlobals) = postSolution
		SolutionGuid = {1D43F696-735D-453A-A277-A44875140C80}
	EndGlobalSection
EndGlobal
